// !$*UTF8*$!
{
	archiveVersion = 1;
	classes = {
	};
	objectVersion = 50;
	objects = {

/* Begin PBXBuildFile section */
		0788F4FF9118AF07EFBA3DCE /* libPods-CloneGatUpSummaryPage.a in Frameworks */ = {isa = PBXBuildFile; fileRef = 6EAF295D538BA9828E3800EF /* libPods-CloneGatUpSummaryPage.a */; };
		2223885C247F5F2E000F9A5C /* AppDelegate.swift in Sources */ = {isa = PBXBuildFile; fileRef = 2223885B247F5F2E000F9A5C /* AppDelegate.swift */; };
		2223885E247F5F2E000F9A5C /* SceneDelegate.swift in Sources */ = {isa = PBXBuildFile; fileRef = 2223885D247F5F2E000F9A5C /* SceneDelegate.swift */; };
		22238860247F5F2E000F9A5C /* ViewController.swift in Sources */ = {isa = PBXBuildFile; fileRef = 2223885F247F5F2E000F9A5C /* ViewController.swift */; };
		22238863247F5F2E000F9A5C /* Main.storyboard in Resources */ = {isa = PBXBuildFile; fileRef = 22238861247F5F2E000F9A5C /* Main.storyboard */; };
		22238865247F5F30000F9A5C /* Assets.xcassets in Resources */ = {isa = PBXBuildFile; fileRef = 22238864247F5F30000F9A5C /* Assets.xcassets */; };
		22238868247F5F30000F9A5C /* LaunchScreen.storyboard in Resources */ = {isa = PBXBuildFile; fileRef = 22238866247F5F30000F9A5C /* LaunchScreen.storyboard */; };
		22238872247F6137000F9A5C /* TableViewCellGatUpInfo.swift in Sources */ = {isa = PBXBuildFile; fileRef = 22238870247F6137000F9A5C /* TableViewCellGatUpInfo.swift */; };
		22238873247F6137000F9A5C /* TableViewCellGatUpInfo.xib in Resources */ = {isa = PBXBuildFile; fileRef = 22238871247F6137000F9A5C /* TableViewCellGatUpInfo.xib */; };
		22238876247F64BE000F9A5C /* Post.swift in Sources */ = {isa = PBXBuildFile; fileRef = 22238875247F64BE000F9A5C /* Post.swift */; };
/* End PBXBuildFile section */

/* Begin PBXFileReference section */
		22238858247F5F2E000F9A5C /* CloneGatUpSummaryPage.app */ = {isa = PBXFileReference; explicitFileType = wrapper.application; includeInIndex = 0; path = CloneGatUpSummaryPage.app; sourceTree = BUILT_PRODUCTS_DIR; };
		2223885B247F5F2E000F9A5C /* AppDelegate.swift */ = {isa = PBXFileReference; lastKnownFileType = sourcecode.swift; path = AppDelegate.swift; sourceTree = "<group>"; };
		2223885D247F5F2E000F9A5C /* SceneDelegate.swift */ = {isa = PBXFileReference; lastKnownFileType = sourcecode.swift; path = SceneDelegate.swift; sourceTree = "<group>"; };
		2223885F247F5F2E000F9A5C /* ViewController.swift */ = {isa = PBXFileReference; lastKnownFileType = sourcecode.swift; path = ViewController.swift; sourceTree = "<group>"; };
		22238862247F5F2E000F9A5C /* Base */ = {isa = PBXFileReference; lastKnownFileType = file.storyboard; name = Base; path = Base.lproj/Main.storyboard; sourceTree = "<group>"; };
		22238864247F5F30000F9A5C /* Assets.xcassets */ = {isa = PBXFileReference; lastKnownFileType = folder.assetcatalog; path = Assets.xcassets; sourceTree = "<group>"; };
		22238867247F5F30000F9A5C /* Base */ = {isa = PBXFileReference; lastKnownFileType = file.storyboard; name = Base; path = Base.lproj/LaunchScreen.storyboard; sourceTree = "<group>"; };
		22238869247F5F30000F9A5C /* Info.plist */ = {isa = PBXFileReference; lastKnownFileType = text.plist.xml; path = Info.plist; sourceTree = "<group>"; };
		22238870247F6137000F9A5C /* TableViewCellGatUpInfo.swift */ = {isa = PBXFileReference; lastKnownFileType = sourcecode.swift; path = TableViewCellGatUpInfo.swift; sourceTree = "<group>"; };
		22238871247F6137000F9A5C /* TableViewCellGatUpInfo.xib */ = {isa = PBXFileReference; lastKnownFileType = file.xib; path = TableViewCellGatUpInfo.xib; sourceTree = "<group>"; };
		22238875247F64BE000F9A5C /* Post.swift */ = {isa = PBXFileReference; lastKnownFileType = sourcecode.swift; path = Post.swift; sourceTree = "<group>"; };
		6EAF295D538BA9828E3800EF /* libPods-CloneGatUpSummaryPage.a */ = {isa = PBXFileReference; explicitFileType = archive.ar; includeInIndex = 0; path = "libPods-CloneGatUpSummaryPage.a"; sourceTree = BUILT_PRODUCTS_DIR; };
		A137F6EA52B8B713F6F5F246 /* Pods-CloneGatUpSummaryPage.release.xcconfig */ = {isa = PBXFileReference; includeInIndex = 1; lastKnownFileType = text.xcconfig; name = "Pods-CloneGatUpSummaryPage.release.xcconfig"; path = "Target Support Files/Pods-CloneGatUpSummaryPage/Pods-CloneGatUpSummaryPage.release.xcconfig"; sourceTree = "<group>"; };
		AA2E9A0534B2FA275FE62C06 /* Pods-CloneGatUpSummaryPage.debug.xcconfig */ = {isa = PBXFileReference; includeInIndex = 1; lastKnownFileType = text.xcconfig; name = "Pods-CloneGatUpSummaryPage.debug.xcconfig"; path = "Target Support Files/Pods-CloneGatUpSummaryPage/Pods-CloneGatUpSummaryPage.debug.xcconfig"; sourceTree = "<group>"; };
/* End PBXFileReference section */

/* Begin PBXFrameworksBuildPhase section */
		22238855247F5F2E000F9A5C /* Frameworks */ = {
			isa = PBXFrameworksBuildPhase;
			buildActionMask = 2147483647;
			files = (
				0788F4FF9118AF07EFBA3DCE /* libPods-CloneGatUpSummaryPage.a in Frameworks */,
			);
			runOnlyForDeploymentPostprocessing = 0;
		};
/* End PBXFrameworksBuildPhase section */

/* Begin PBXGroup section */
		2223884F247F5F2E000F9A5C = {
			isa = PBXGroup;
			children = (
				2223885A247F5F2E000F9A5C /* CloneGatUpSummaryPage */,
				22238859247F5F2E000F9A5C /* Products */,
				70B9FA54E48090448D85FFCF /* Pods */,
				E7220EA57925DB89552E2017 /* Frameworks */,
			);
			sourceTree = "<group>";
		};
		22238859247F5F2E000F9A5C /* Products */ = {
			isa = PBXGroup;
			children = (
				22238858247F5F2E000F9A5C /* CloneGatUpSummaryPage.app */,
			);
			name = Products;
			sourceTree = "<group>";
		};
		2223885A247F5F2E000F9A5C /* CloneGatUpSummaryPage */ = {
			isa = PBXGroup;
			children = (
				22238874247F64B2000F9A5C /* Model */,
				2223886F247F6101000F9A5C /* ViewCell */,
				2223885B247F5F2E000F9A5C /* AppDelegate.swift */,
				2223885D247F5F2E000F9A5C /* SceneDelegate.swift */,
				2223885F247F5F2E000F9A5C /* ViewController.swift */,
				22238861247F5F2E000F9A5C /* Main.storyboard */,
				22238864247F5F30000F9A5C /* Assets.xcassets */,
				22238866247F5F30000F9A5C /* LaunchScreen.storyboard */,
				22238869247F5F30000F9A5C /* Info.plist */,
			);
			path = CloneGatUpSummaryPage;
			sourceTree = "<group>";
		};
		2223886F247F6101000F9A5C /* ViewCell */ = {
			isa = PBXGroup;
			children = (
				22238870247F6137000F9A5C /* TableViewCellGatUpInfo.swift */,
				22238871247F6137000F9A5C /* TableViewCellGatUpInfo.xib */,
			);
			path = ViewCell;
			sourceTree = "<group>";
		};
		22238874247F64B2000F9A5C /* Model */ = {
			isa = PBXGroup;
			children = (
				22238875247F64BE000F9A5C /* Post.swift */,
			);
			path = Model;
			sourceTree = "<group>";
		};
		70B9FA54E48090448D85FFCF /* Pods */ = {
			isa = PBXGroup;
			children = (
				AA2E9A0534B2FA275FE62C06 /* Pods-CloneGatUpSummaryPage.debug.xcconfig */,
				A137F6EA52B8B713F6F5F246 /* Pods-CloneGatUpSummaryPage.release.xcconfig */,
			);
			path = Pods;
			sourceTree = "<group>";
		};
		E7220EA57925DB89552E2017 /* Frameworks */ = {
			isa = PBXGroup;
			children = (
				6EAF295D538BA9828E3800EF /* libPods-CloneGatUpSummaryPage.a */,
			);
			name = Frameworks;
			sourceTree = "<group>";
		};
/* End PBXGroup section */

/* Begin PBXNativeTarget section */
		22238857247F5F2E000F9A5C /* CloneGatUpSummaryPage */ = {
			isa = PBXNativeTarget;
			buildConfigurationList = 2223886C247F5F30000F9A5C /* Build configuration list for PBXNativeTarget "CloneGatUpSummaryPage" */;
			buildPhases = (
				1581DC82806E7B77FD77A5AB /* [CP] Check Pods Manifest.lock */,
				22238854247F5F2E000F9A5C /* Sources */,
				22238855247F5F2E000F9A5C /* Frameworks */,
				22238856247F5F2E000F9A5C /* Resources */,
			);
			buildRules = (
			);
			dependencies = (
			);
			name = CloneGatUpSummaryPage;
			productName = CloneGatUpSummaryPage;
			productReference = 22238858247F5F2E000F9A5C /* CloneGatUpSummaryPage.app */;
			productType = "com.apple.product-type.application";
		};
/* End PBXNativeTarget section */

/* Begin PBXProject section */
		22238850247F5F2E000F9A5C /* Project object */ = {
			isa = PBXProject;
			attributes = {
				LastSwiftUpdateCheck = 1130;
				LastUpgradeCheck = 1130;
				ORGANIZATIONNAME = macOS;
				TargetAttributes = {
					22238857247F5F2E000F9A5C = {
						CreatedOnToolsVersion = 11.3.1;
					};
				};
			};
			buildConfigurationList = 22238853247F5F2E000F9A5C /* Build configuration list for PBXProject "CloneGatUpSummaryPage" */;
			compatibilityVersion = "Xcode 9.3";
			developmentRegion = en;
			hasScannedForEncodings = 0;
			knownRegions = (
				en,
				Base,
			);
			mainGroup = 2223884F247F5F2E000F9A5C;
			productRefGroup = 22238859247F5F2E000F9A5C /* Products */;
			projectDirPath = "";
			projectRoot = "";
			targets = (
				22238857247F5F2E000F9A5C /* CloneGatUpSummaryPage */,
			);
		};
/* End PBXProject section */

/* Begin PBXResourcesBuildPhase section */
		22238856247F5F2E000F9A5C /* Resources */ = {
			isa = PBXResourcesBuildPhase;
			buildActionMask = 2147483647;
			files = (
				22238868247F5F30000F9A5C /* LaunchScreen.storyboard in Resources */,
				22238865247F5F30000F9A5C /* Assets.xcassets in Resources */,
				22238863247F5F2E000F9A5C /* Main.storyboard in Resources */,
				22238873247F6137000F9A5C /* TableViewCellGatUpInfo.xib in Resources */,
			);
			runOnlyForDeploymentPostprocessing = 0;
		};
/* End PBXResourcesBuildPhase section */

/* Begin PBXShellScriptBuildPhase section */
		1581DC82806E7B77FD77A5AB /* [CP] Check Pods Manifest.lock */ = {
			isa = PBXShellScriptBuildPhase;
			buildActionMask = 2147483647;
			files = (
			);
			inputFileListPaths = (
			);
			inputPaths = (
				"${PODS_PODFILE_DIR_PATH}/Podfile.lock",
				"${PODS_ROOT}/Manifest.lock",
			);
			name = "[CP] Check Pods Manifest.lock";
			outputFileListPaths = (
			);
			outputPaths = (
				"$(DERIVED_FILE_DIR)/Pods-CloneGatUpSummaryPage-checkManifestLockResult.txt",
			);
			runOnlyForDeploymentPostprocessing = 0;
			shellPath = /bin/sh;
			shellScript = "diff \"${PODS_PODFILE_DIR_PATH}/Podfile.lock\" \"${PODS_ROOT}/Manifest.lock\" > /dev/null\nif [ $? != 0 ] ; then\n    # print error to STDERR\n    echo \"error: The sandbox is not in sync with the Podfile.lock. Run 'pod install' or update your CocoaPods installation.\" >&2\n    exit 1\nfi\n# This output is used by Xcode 'outputs' to avoid re-running this script phase.\necho \"SUCCESS\" > \"${SCRIPT_OUTPUT_FILE_0}\"\n";
			showEnvVarsInLog = 0;
		};
/* End PBXShellScriptBuildPhase section */

/* Begin PBXSourcesBuildPhase section */
		22238854247F5F2E000F9A5C /* Sources */ = {
			isa = PBXSourcesBuildPhase;
			buildActionMask = 2147483647;
			files = (
				22238860247F5F2E000F9A5C /* ViewController.swift in Sources */,
				2223885C247F5F2E000F9A5C /* AppDelegate.swift in Sources */,
				2223885E247F5F2E000F9A5C /* SceneDelegate.swift in Sources */,
				22238872247F6137000F9A5C /* TableViewCellGatUpInfo.swift in Sources */,
				22238876247F64BE000F9A5C /* Post.swift in Sources */,
			);
			runOnlyForDeploymentPostprocessing = 0;
		};
/* End PBXSourcesBuildPhase section */

/* Begin PBXVariantGroup section */
		22238861247F5F2E000F9A5C /* Main.storyboard */ = {
			isa = PBXVariantGroup;
			children = (
				22238862247F5F2E000F9A5C /* Base */,
			);
			name = Main.storyboard;
			sourceTree = "<group>";
		};
		22238866247F5F30000F9A5C /* LaunchScreen.storyboard */ = {
			isa = PBXVariantGroup;
			children = (
				22238867247F5F30000F9A5C /* Base */,
			);
			name = LaunchScreen.storyboard;
			sourceTree = "<group>";
		};
/* End PBXVariantGroup section */

/* Begin XCBuildConfiguration section */
		2223886A247F5F30000F9A5C /* Debug */ = {
			isa = XCBuildConfiguration;
			buildSettings = {
				ALWAYS_SEARCH_USER_PATHS = NO;
				CLANG_ANALYZER_NONNULL = YES;
				CLANG_ANALYZER_NUMBER_OBJECT_CONVERSION = YES_AGGRESSIVE;
				CLANG_CXX_LANGUAGE_STANDARD = "gnu++14";
				CLANG_CXX_LIBRARY = "libc++";
				CLANG_ENABLE_MODULES = YES;
				CLANG_ENABLE_OBJC_ARC = YES;
				CLANG_ENABLE_OBJC_WEAK = YES;
				CLANG_WARN_BLOCK_CAPTURE_AUTORELEASING = YES;
				CLANG_WARN_BOOL_CONVERSION = YES;
				CLANG_WARN_COMMA = YES;
				CLANG_WARN_CONSTANT_CONVERSION = YES;
				CLANG_WARN_DEPRECATED_OBJC_IMPLEMENTATIONS = YES;
				CLANG_WARN_DIRECT_OBJC_ISA_USAGE = YES_ERROR;
				CLANG_WARN_DOCUMENTATION_COMMENTS = YES;
				CLANG_WARN_EMPTY_BODY = YES;
				CLANG_WARN_ENUM_CONVERSION = YES;
				CLANG_WARN_INFINITE_RECURSION = YES;
				CLANG_WARN_INT_CONVERSION = YES;
				CLANG_WARN_NON_LITERAL_NULL_CONVERSION = YES;
				CLANG_WARN_OBJC_IMPLICIT_RETAIN_SELF = YES;
				CLANG_WARN_OBJC_LITERAL_CONVERSION = YES;
				CLANG_WARN_OBJC_ROOT_CLASS = YES_ERROR;
				CLANG_WARN_RANGE_LOOP_ANALYSIS = YES;
				CLANG_WARN_STRICT_PROTOTYPES = YES;
				CLANG_WARN_SUSPICIOUS_MOVE = YES;
				CLANG_WARN_UNGUARDED_AVAILABILITY = YES_AGGRESSIVE;
				CLANG_WARN_UNREACHABLE_CODE = YES;
				CLANG_WARN__DUPLICATE_METHOD_MATCH = YES;
				COPY_PHASE_STRIP = NO;
				DEBUG_INFORMATION_FORMAT = dwarf;
				ENABLE_STRICT_OBJC_MSGSEND = YES;
				ENABLE_TESTABILITY = YES;
				GCC_C_LANGUAGE_STANDARD = gnu11;
				GCC_DYNAMIC_NO_PIC = NO;
				GCC_NO_COMMON_BLOCKS = YES;
				GCC_OPTIMIZATION_LEVEL = 0;
				GCC_PREPROCESSOR_DEFINITIONS = (
					"DEBUG=1",
					"$(inherited)",
				);
				GCC_WARN_64_TO_32_BIT_CONVERSION = YES;
				GCC_WARN_ABOUT_RETURN_TYPE = YES_ERROR;
				GCC_WARN_UNDECLARED_SELECTOR = YES;
				GCC_WARN_UNINITIALIZED_AUTOS = YES_AGGRESSIVE;
				GCC_WARN_UNUSED_FUNCTION = YES;
				GCC_WARN_UNUSED_VARIABLE = YES;
				IPHONEOS_DEPLOYMENT_TARGET = 13.2;
				MTL_ENABLE_DEBUG_INFO = INCLUDE_SOURCE;
				MTL_FAST_MATH = YES;
				ONLY_ACTIVE_ARCH = YES;
				SDKROOT = iphoneos;
				SWIFT_ACTIVE_COMPILATION_CONDITIONS = DEBUG;
				SWIFT_OPTIMIZATION_LEVEL = "-Onone";
			};
			name = Debug;
		};
		2223886B247F5F30000F9A5C /* Release */ = {
			isa = XCBuildConfiguration;
			buildSettings = {
				ALWAYS_SEARCH_USER_PATHS = NO;
				CLANG_ANALYZER_NONNULL = YES;
				CLANG_ANALYZER_NUMBER_OBJECT_CONVERSION = YES_AGGRESSIVE;
				CLANG_CXX_LANGUAGE_STANDARD = "gnu++14";
				CLANG_CXX_LIBRARY = "libc++";
				CLANG_ENABLE_MODULES = YES;
				CLANG_ENABLE_OBJC_ARC = YES;
				CLANG_ENABLE_OBJC_WEAK = YES;
				CLANG_WARN_BLOCK_CAPTURE_AUTORELEASING = YES;
				CLANG_WARN_BOOL_CONVERSION = YES;
				CLANG_WARN_COMMA = YES;
				CLANG_WARN_CONSTANT_CONVERSION = YES;
				CLANG_WARN_DEPRECATED_OBJC_IMPLEMENTATIONS = YES;
				CLANG_WARN_DIRECT_OBJC_ISA_USAGE = YES_ERROR;
				CLANG_WARN_DOCUMENTATION_COMMENTS = YES;
				CLANG_WARN_EMPTY_BODY = YES;
				CLANG_WARN_ENUM_CONVERSION = YES;
				CLANG_WARN_INFINITE_RECURSION = YES;
				CLANG_WARN_INT_CONVERSION = YES;
				CLANG_WARN_NON_LITERAL_NULL_CONVERSION = YES;
				CLANG_WARN_OBJC_IMPLICIT_RETAIN_SELF = YES;
				CLANG_WARN_OBJC_LITERAL_CONVERSION = YES;
				CLANG_WARN_OBJC_ROOT_CLASS = YES_ERROR;
				CLANG_WARN_RANGE_LOOP_ANALYSIS = YES;
				CLANG_WARN_STRICT_PROTOTYPES = YES;
				CLANG_WARN_SUSPICIOUS_MOVE = YES;
				CLANG_WARN_UNGUARDED_AVAILABILITY = YES_AGGRESSIVE;
				CLANG_WARN_UNREACHABLE_CODE = YES;
				CLANG_WARN__DUPLICATE_METHOD_MATCH = YES;
				COPY_PHASE_STRIP = NO;
				DEBUG_INFORMATION_FORMAT = "dwarf-with-dsym";
				ENABLE_NS_ASSERTIONS = NO;
				ENABLE_STRICT_OBJC_MSGSEND = YES;
				GCC_C_LANGUAGE_STANDARD = gnu11;
				GCC_NO_COMMON_BLOCKS = YES;
				GCC_WARN_64_TO_32_BIT_CONVERSION = YES;
				GCC_WARN_ABOUT_RETURN_TYPE = YES_ERROR;
				GCC_WARN_UNDECLARED_SELECTOR = YES;
				GCC_WARN_UNINITIALIZED_AUTOS = YES_AGGRESSIVE;
				GCC_WARN_UNUSED_FUNCTION = YES;
				GCC_WARN_UNUSED_VARIABLE = YES;
				IPHONEOS_DEPLOYMENT_TARGET = 13.2;
				MTL_ENABLE_DEBUG_INFO = NO;
				MTL_FAST_MATH = YES;
				SDKROOT = iphoneos;
				SWIFT_COMPILATION_MODE = wholemodule;
				SWIFT_OPTIMIZATION_LEVEL = "-O";
				VALIDATE_PRODUCT = YES;
			};
			name = Release;
		};
		2223886D247F5F30000F9A5C /* Debug */ = {
			isa = XCBuildConfiguration;
			baseConfigurationReference = AA2E9A0534B2FA275FE62C06 /* Pods-CloneGatUpSummaryPage.debug.xcconfig */;
			buildSettings = {
				ASSETCATALOG_COMPILER_APPICON_NAME = AppIcon;
				CODE_SIGN_STYLE = Automatic;
				INFOPLIST_FILE = CloneGatUpSummaryPage/Info.plist;
				LD_RUNPATH_SEARCH_PATHS = (
					"$(inherited)",
					"@executable_path/Frameworks",
				);
				PRODUCT_BUNDLE_IDENTIFIER = huynghiem.CloneGatUpSummaryPage;
				PRODUCT_NAME = "$(TARGET_NAME)";
				SWIFT_VERSION = 5.0;
				TARGETED_DEVICE_FAMILY = "1,2";
			};
			name = Debug;
		};
		2223886E247F5F30000F9A5C /* Release */ = {
			isa = XCBuildConfiguration;
			baseConfigurationReference = A137F6EA52B8B713F6F5F246 /* Pods-CloneGatUpSummaryPage.release.xcconfig */;
			buildSettings = {
				ASSETCATALOG_COMPILER_APPICON_NAME = AppIcon;
				CODE_SIGN_STYLE = Automatic;
				INFOPLIST_FILE = CloneGatUpSummaryPage/Info.plist;
				LD_RUNPATH_SEARCH_PATHS = (
					"$(inherited)",
					"@executable_path/Frameworks",
				);
				PRODUCT_BUNDLE_IDENTIFIER = huynghiem.CloneGatUpSummaryPage;
				PRODUCT_NAME = "$(TARGET_NAME)";
				SWIFT_VERSION = 5.0;
				TARGETED_DEVICE_FAMILY = "1,2";
			};
			name = Release;
		};
/* End XCBuildConfiguration section */

/* Begin XCConfigurationList section */
		22238853247F5F2E000F9A5C /* Build configuration list for PBXProject "CloneGatUpSummaryPage" */ = {
			isa = XCConfigurationList;
			buildConfigurations = (
				2223886A247F5F30000F9A5C /* Debug */,
				2223886B247F5F30000F9A5C /* Release */,
			);
			defaultConfigurationIsVisible = 0;
			defaultConfigurationName = Release;
		};
		2223886C247F5F30000F9A5C /* Build configuration list for PBXNativeTarget "CloneGatUpSummaryPage" */ = {
			isa = XCConfigurationList;
			buildConfigurations = (
				2223886D247F5F30000F9A5C /* Debug */,
				2223886E247F5F30000F9A5C /* Release */,
			);
			defaultConfigurationIsVisible = 0;
			defaultConfigurationName = Release;
		};
/* End XCConfigurationList section */
	};
	rootObject = 22238850247F5F2E000F9A5C /* Project object */;
}
